// !$*UTF8*$!
{
	archiveVersion = 1;
	classes = {
	};
	objectVersion = 51;
	objects = {

/* Begin PBXBuildFile section */
		2A7DB87B2316669000E7DCCC /* AppDelegate.swift in Sources */ = {isa = PBXBuildFile; fileRef = 2A7DB87A2316669000E7DCCC /* AppDelegate.swift */; };
		2A7DB8802316669000E7DCCC /* Main.storyboard in Resources */ = {isa = PBXBuildFile; fileRef = 2A7DB87E2316669000E7DCCC /* Main.storyboard */; };
		2A7DB8822316669100E7DCCC /* Assets.xcassets in Resources */ = {isa = PBXBuildFile; fileRef = 2A7DB8812316669100E7DCCC /* Assets.xcassets */; };
		2A7DB8852316669100E7DCCC /* LaunchScreen.storyboard in Resources */ = {isa = PBXBuildFile; fileRef = 2A7DB8832316669100E7DCCC /* LaunchScreen.storyboard */; };
		2A7DB8902316696400E7DCCC /* Constants.swift in Sources */ = {isa = PBXBuildFile; fileRef = 2A7DB88F2316696400E7DCCC /* Constants.swift */; };
		2A7DB8922316801B00E7DCCC /* RestaurantListingViewController.swift in Sources */ = {isa = PBXBuildFile; fileRef = 2A7DB8912316801B00E7DCCC /* RestaurantListingViewController.swift */; };
		2A7DB895231680C100E7DCCC /* RestaurantCell.swift in Sources */ = {isa = PBXBuildFile; fileRef = 2A7DB894231680C100E7DCCC /* RestaurantCell.swift */; };
		2A7DB8972316842800E7DCCC /* FiltersViewController.swift in Sources */ = {isa = PBXBuildFile; fileRef = 2A7DB8962316842800E7DCCC /* FiltersViewController.swift */; };
		2A7DB8992316980A00E7DCCC /* FilterCell.swift in Sources */ = {isa = PBXBuildFile; fileRef = 2A7DB8982316980A00E7DCCC /* FilterCell.swift */; };
		2A7DB89C23169C0800E7DCCC /* CustomView.swift in Sources */ = {isa = PBXBuildFile; fileRef = 2A7DB89B23169C0800E7DCCC /* CustomView.swift */; };
		2A7DB89E23169CE500E7DCCC /* Extensions.swift in Sources */ = {isa = PBXBuildFile; fileRef = 2A7DB89D23169CE500E7DCCC /* Extensions.swift */; };
		2A7DB8A02316AB1100E7DCCC /* FilterListingViewController.swift in Sources */ = {isa = PBXBuildFile; fileRef = 2A7DB89F2316AB1100E7DCCC /* FilterListingViewController.swift */; };
		2A7DB8A22316AD2500E7DCCC /* FilterListingCell.swift in Sources */ = {isa = PBXBuildFile; fileRef = 2A7DB8A12316AD2500E7DCCC /* FilterListingCell.swift */; };
		2A7DB8A62316DEA900E7DCCC /* RestaurantListModel.swift in Sources */ = {isa = PBXBuildFile; fileRef = 2A7DB8A52316DEA900E7DCCC /* RestaurantListModel.swift */; };
		2A7DB8A92316DFE600E7DCCC /* ApiClass.swift in Sources */ = {isa = PBXBuildFile; fileRef = 2A7DB8A82316DFE600E7DCCC /* ApiClass.swift */; };
		2A7DB8AD2316FF1B00E7DCCC /* CuisineNeighbourhoodListModel.swift in Sources */ = {isa = PBXBuildFile; fileRef = 2A7DB8AC2316FF1B00E7DCCC /* CuisineNeighbourhoodListModel.swift */; };
		2A7DB8AF23170A3200E7DCCC /* SharedClass.swift in Sources */ = {isa = PBXBuildFile; fileRef = 2A7DB8AE23170A3200E7DCCC /* SharedClass.swift */; };
		2AA2209E23179F5300E8AFC3 /* File.swift in Sources */ = {isa = PBXBuildFile; fileRef = 2AA2209D23179F5300E8AFC3 /* File.swift */; };
		2ADF661B23184862000EC692 /* Readme.md in Resources */ = {isa = PBXBuildFile; fileRef = 2ADF661A23184862000EC692 /* Readme.md */; };
		D3A42648FEFA1538310AA918 /* Pods_Liji_EatAppTest.framework in Frameworks */ = {isa = PBXBuildFile; fileRef = FEBF1B70FD733FA43414D6FC /* Pods_Liji_EatAppTest.framework */; };
/* End PBXBuildFile section */

/* Begin PBXFileReference section */
		2A7DB8772316669000E7DCCC /* Liji_EatAppTest.app */ = {isa = PBXFileReference; explicitFileType = wrapper.application; includeInIndex = 0; path = Liji_EatAppTest.app; sourceTree = BUILT_PRODUCTS_DIR; };
		2A7DB87A2316669000E7DCCC /* AppDelegate.swift */ = {isa = PBXFileReference; lastKnownFileType = sourcecode.swift; path = AppDelegate.swift; sourceTree = "<group>"; };
		2A7DB87F2316669000E7DCCC /* Base */ = {isa = PBXFileReference; lastKnownFileType = file.storyboard; name = Base; path = Base.lproj/Main.storyboard; sourceTree = "<group>"; };
		2A7DB8812316669100E7DCCC /* Assets.xcassets */ = {isa = PBXFileReference; lastKnownFileType = folder.assetcatalog; path = Assets.xcassets; sourceTree = "<group>"; };
		2A7DB8842316669100E7DCCC /* Base */ = {isa = PBXFileReference; lastKnownFileType = file.storyboard; name = Base; path = Base.lproj/LaunchScreen.storyboard; sourceTree = "<group>"; };
		2A7DB8862316669100E7DCCC /* Info.plist */ = {isa = PBXFileReference; lastKnownFileType = text.plist.xml; path = Info.plist; sourceTree = "<group>"; };
		2A7DB88F2316696400E7DCCC /* Constants.swift */ = {isa = PBXFileReference; lastKnownFileType = sourcecode.swift; path = Constants.swift; sourceTree = "<group>"; };
		2A7DB8912316801B00E7DCCC /* RestaurantListingViewController.swift */ = {isa = PBXFileReference; lastKnownFileType = sourcecode.swift; path = RestaurantListingViewController.swift; sourceTree = "<group>"; };
		2A7DB894231680C100E7DCCC /* RestaurantCell.swift */ = {isa = PBXFileReference; lastKnownFileType = sourcecode.swift; path = RestaurantCell.swift; sourceTree = "<group>"; };
		2A7DB8962316842800E7DCCC /* FiltersViewController.swift */ = {isa = PBXFileReference; lastKnownFileType = sourcecode.swift; path = FiltersViewController.swift; sourceTree = "<group>"; };
		2A7DB8982316980A00E7DCCC /* FilterCell.swift */ = {isa = PBXFileReference; lastKnownFileType = sourcecode.swift; path = FilterCell.swift; sourceTree = "<group>"; };
		2A7DB89B23169C0800E7DCCC /* CustomView.swift */ = {isa = PBXFileReference; lastKnownFileType = sourcecode.swift; path = CustomView.swift; sourceTree = "<group>"; };
		2A7DB89D23169CE500E7DCCC /* Extensions.swift */ = {isa = PBXFileReference; lastKnownFileType = sourcecode.swift; path = Extensions.swift; sourceTree = "<group>"; };
		2A7DB89F2316AB1100E7DCCC /* FilterListingViewController.swift */ = {isa = PBXFileReference; lastKnownFileType = sourcecode.swift; path = FilterListingViewController.swift; sourceTree = "<group>"; };
		2A7DB8A12316AD2500E7DCCC /* FilterListingCell.swift */ = {isa = PBXFileReference; lastKnownFileType = sourcecode.swift; path = FilterListingCell.swift; sourceTree = "<group>"; };
		2A7DB8A52316DEA900E7DCCC /* RestaurantListModel.swift */ = {isa = PBXFileReference; lastKnownFileType = sourcecode.swift; path = RestaurantListModel.swift; sourceTree = "<group>"; };
		2A7DB8A82316DFE600E7DCCC /* ApiClass.swift */ = {isa = PBXFileReference; lastKnownFileType = sourcecode.swift; path = ApiClass.swift; sourceTree = "<group>"; };
		2A7DB8AC2316FF1B00E7DCCC /* CuisineNeighbourhoodListModel.swift */ = {isa = PBXFileReference; lastKnownFileType = sourcecode.swift; path = CuisineNeighbourhoodListModel.swift; sourceTree = "<group>"; };
		2A7DB8AE23170A3200E7DCCC /* SharedClass.swift */ = {isa = PBXFileReference; lastKnownFileType = sourcecode.swift; path = SharedClass.swift; sourceTree = "<group>"; };
		2AA2209D23179F5300E8AFC3 /* File.swift */ = {isa = PBXFileReference; lastKnownFileType = sourcecode.swift; path = File.swift; sourceTree = "<group>"; };
		2ADF661A23184862000EC692 /* Readme.md */ = {isa = PBXFileReference; lastKnownFileType = net.daringfireball.markdown; path = Readme.md; sourceTree = "<group>"; };
		EEC420CA5AF97D86EC5CA707 /* Pods-Liji_EatAppTest.release.xcconfig */ = {isa = PBXFileReference; includeInIndex = 1; lastKnownFileType = text.xcconfig; name = "Pods-Liji_EatAppTest.release.xcconfig"; path = "Target Support Files/Pods-Liji_EatAppTest/Pods-Liji_EatAppTest.release.xcconfig"; sourceTree = "<group>"; };
		F5A8D0D4B428FAAB75372F51 /* Pods-Liji_EatAppTest.debug.xcconfig */ = {isa = PBXFileReference; includeInIndex = 1; lastKnownFileType = text.xcconfig; name = "Pods-Liji_EatAppTest.debug.xcconfig"; path = "Target Support Files/Pods-Liji_EatAppTest/Pods-Liji_EatAppTest.debug.xcconfig"; sourceTree = "<group>"; };
		FEBF1B70FD733FA43414D6FC /* Pods_Liji_EatAppTest.framework */ = {isa = PBXFileReference; explicitFileType = wrapper.framework; includeInIndex = 0; path = Pods_Liji_EatAppTest.framework; sourceTree = BUILT_PRODUCTS_DIR; };
/* End PBXFileReference section */

/* Begin PBXFrameworksBuildPhase section */
		2A7DB8742316669000E7DCCC /* Frameworks */ = {
			isa = PBXFrameworksBuildPhase;
			buildActionMask = 2147483647;
			files = (
				D3A42648FEFA1538310AA918 /* Pods_Liji_EatAppTest.framework in Frameworks */,
			);
			runOnlyForDeploymentPostprocessing = 0;
		};
/* End PBXFrameworksBuildPhase section */

/* Begin PBXGroup section */
		2A7DB86E2316669000E7DCCC = {
			isa = PBXGroup;
			children = (
				2ADF661A23184862000EC692 /* Readme.md */,
				2A7DB8792316669000E7DCCC /* Liji_EatAppTest */,
				2A7DB8782316669000E7DCCC /* Products */,
				8F28796C3F80590B48D4B125 /* Pods */,
				5F64427EE1C8A5FFE18D24D7 /* Frameworks */,
			);
			sourceTree = "<group>";
		};
		2A7DB8782316669000E7DCCC /* Products */ = {
			isa = PBXGroup;
			children = (
				2A7DB8772316669000E7DCCC /* Liji_EatAppTest.app */,
			);
			name = Products;
			sourceTree = "<group>";
		};
		2A7DB8792316669000E7DCCC /* Liji_EatAppTest */ = {
			isa = PBXGroup;
			children = (
				2A7DB8A72316DFC700E7DCCC /* Services */,
				2A7DB89A23169BD300E7DCCC /* Utility */,
				2A7DB893231680A200E7DCCC /* View */,
				2A7DB88E2316692300E7DCCC /* ViewControllers */,
				2A7DB88D2316691200E7DCCC /* Model */,
				2A7DB88C2316690500E7DCCC /* Constants */,
				2A7DB87A2316669000E7DCCC /* AppDelegate.swift */,
				2A7DB87E2316669000E7DCCC /* Main.storyboard */,
				2A7DB8812316669100E7DCCC /* Assets.xcassets */,
				2A7DB8832316669100E7DCCC /* LaunchScreen.storyboard */,
				2A7DB8862316669100E7DCCC /* Info.plist */,
			);
			path = Liji_EatAppTest;
			sourceTree = "<group>";
		};
		2A7DB88C2316690500E7DCCC /* Constants */ = {
			isa = PBXGroup;
			children = (
				2A7DB88F2316696400E7DCCC /* Constants.swift */,
			);
			path = Constants;
			sourceTree = "<group>";
		};
		2A7DB88D2316691200E7DCCC /* Model */ = {
			isa = PBXGroup;
			children = (
				2A7DB8A52316DEA900E7DCCC /* RestaurantListModel.swift */,
				2A7DB8AC2316FF1B00E7DCCC /* CuisineNeighbourhoodListModel.swift */,
			);
			path = Model;
			sourceTree = "<group>";
		};
		2A7DB88E2316692300E7DCCC /* ViewControllers */ = {
			isa = PBXGroup;
			children = (
				2A7DB8912316801B00E7DCCC /* RestaurantListingViewController.swift */,
				2A7DB8962316842800E7DCCC /* FiltersViewController.swift */,
				2A7DB89F2316AB1100E7DCCC /* FilterListingViewController.swift */,
				2AA2209D23179F5300E8AFC3 /* File.swift */,
			);
			path = ViewControllers;
			sourceTree = "<group>";
		};
		2A7DB893231680A200E7DCCC /* View */ = {
			isa = PBXGroup;
			children = (
				2A7DB894231680C100E7DCCC /* RestaurantCell.swift */,
				2A7DB8982316980A00E7DCCC /* FilterCell.swift */,
				2A7DB8A12316AD2500E7DCCC /* FilterListingCell.swift */,
			);
			path = View;
			sourceTree = "<group>";
		};
		2A7DB89A23169BD300E7DCCC /* Utility */ = {
			isa = PBXGroup;
			children = (
				2A7DB89B23169C0800E7DCCC /* CustomView.swift */,
				2A7DB89D23169CE500E7DCCC /* Extensions.swift */,
			);
			path = Utility;
			sourceTree = "<group>";
		};
		2A7DB8A72316DFC700E7DCCC /* Services */ = {
			isa = PBXGroup;
			children = (
				2A7DB8A82316DFE600E7DCCC /* ApiClass.swift */,
				2A7DB8AE23170A3200E7DCCC /* SharedClass.swift */,
			);
			path = Services;
			sourceTree = "<group>";
		};
		5F64427EE1C8A5FFE18D24D7 /* Frameworks */ = {
			isa = PBXGroup;
			children = (
				FEBF1B70FD733FA43414D6FC /* Pods_Liji_EatAppTest.framework */,
			);
			name = Frameworks;
			sourceTree = "<group>";
		};
		8F28796C3F80590B48D4B125 /* Pods */ = {
			isa = PBXGroup;
			children = (
				F5A8D0D4B428FAAB75372F51 /* Pods-Liji_EatAppTest.debug.xcconfig */,
				EEC420CA5AF97D86EC5CA707 /* Pods-Liji_EatAppTest.release.xcconfig */,
			);
			path = Pods;
			sourceTree = "<group>";
		};
/* End PBXGroup section */

/* Begin PBXNativeTarget section */
		2A7DB8762316669000E7DCCC /* Liji_EatAppTest */ = {
			isa = PBXNativeTarget;
			buildConfigurationList = 2A7DB8892316669100E7DCCC /* Build configuration list for PBXNativeTarget "Liji_EatAppTest" */;
			buildPhases = (
				0369821B96AAB7FB832EFD89 /* [CP] Check Pods Manifest.lock */,
				2A7DB8732316669000E7DCCC /* Sources */,
				2A7DB8742316669000E7DCCC /* Frameworks */,
				2A7DB8752316669000E7DCCC /* Resources */,
				00855EFB7B884DD378062E07 /* [CP] Embed Pods Frameworks */,
			);
			buildRules = (
			);
			dependencies = (
			);
			name = Liji_EatAppTest;
			productName = Liji_EatAppTest;
			productReference = 2A7DB8772316669000E7DCCC /* Liji_EatAppTest.app */;
			productType = "com.apple.product-type.application";
		};
/* End PBXNativeTarget section */

/* Begin PBXProject section */
		2A7DB86F2316669000E7DCCC /* Project object */ = {
			isa = PBXProject;
			attributes = {
				LastSwiftUpdateCheck = 1030;
				LastUpgradeCheck = 1030;
				ORGANIZATIONNAME = Liji;
				TargetAttributes = {
					2A7DB8762316669000E7DCCC = {
						CreatedOnToolsVersion = 10.3;
					};
				};
			};
			buildConfigurationList = 2A7DB8722316669000E7DCCC /* Build configuration list for PBXProject "Liji_EatAppTest" */;
			compatibilityVersion = "Xcode 9.3";
			developmentRegion = en;
			hasScannedForEncodings = 0;
			knownRegions = (
				en,
				Base,
			);
			mainGroup = 2A7DB86E2316669000E7DCCC;
			productRefGroup = 2A7DB8782316669000E7DCCC /* Products */;
			projectDirPath = "";
			projectRoot = "";
			targets = (
				2A7DB8762316669000E7DCCC /* Liji_EatAppTest */,
			);
		};
/* End PBXProject section */

/* Begin PBXResourcesBuildPhase section */
		2A7DB8752316669000E7DCCC /* Resources */ = {
			isa = PBXResourcesBuildPhase;
			buildActionMask = 2147483647;
			files = (
				2A7DB8852316669100E7DCCC /* LaunchScreen.storyboard in Resources */,
				2A7DB8822316669100E7DCCC /* Assets.xcassets in Resources */,
				2ADF661B23184862000EC692 /* Readme.md in Resources */,
				2A7DB8802316669000E7DCCC /* Main.storyboard in Resources */,
			);
			runOnlyForDeploymentPostprocessing = 0;
		};
/* End PBXResourcesBuildPhase section */

/* Begin PBXShellScriptBuildPhase section */
		00855EFB7B884DD378062E07 /* [CP] Embed Pods Frameworks */ = {
			isa = PBXShellScriptBuildPhase;
			buildActionMask = 2147483647;
			files = (
			);
			inputFileListPaths = (
				"${PODS_ROOT}/Target Support Files/Pods-Liji_EatAppTest/Pods-Liji_EatAppTest-frameworks-${CONFIGURATION}-input-files.xcfilelist",
			);
			name = "[CP] Embed Pods Frameworks";
			outputFileListPaths = (
				"${PODS_ROOT}/Target Support Files/Pods-Liji_EatAppTest/Pods-Liji_EatAppTest-frameworks-${CONFIGURATION}-output-files.xcfilelist",
			);
			runOnlyForDeploymentPostprocessing = 0;
			shellPath = /bin/sh;
			shellScript = "\"${PODS_ROOT}/Target Support Files/Pods-Liji_EatAppTest/Pods-Liji_EatAppTest-frameworks.sh\"\n";
			showEnvVarsInLog = 0;
		};
		0369821B96AAB7FB832EFD89 /* [CP] Check Pods Manifest.lock */ = {
			isa = PBXShellScriptBuildPhase;
			buildActionMask = 2147483647;
			files = (
			);
			inputFileListPaths = (
			);
			inputPaths = (
				"${PODS_PODFILE_DIR_PATH}/Podfile.lock",
				"${PODS_ROOT}/Manifest.lock",
			);
			name = "[CP] Check Pods Manifest.lock";
			outputFileListPaths = (
			);
			outputPaths = (
				"$(DERIVED_FILE_DIR)/Pods-Liji_EatAppTest-checkManifestLockResult.txt",
			);
			runOnlyForDeploymentPostprocessing = 0;
			shellPath = /bin/sh;
			shellScript = "diff \"${PODS_PODFILE_DIR_PATH}/Podfile.lock\" \"${PODS_ROOT}/Manifest.lock\" > /dev/null\nif [ $? != 0 ] ; then\n    # print error to STDERR\n    echo \"error: The sandbox is not in sync with the Podfile.lock. Run 'pod install' or update your CocoaPods installation.\" >&2\n    exit 1\nfi\n# This output is used by Xcode 'outputs' to avoid re-running this script phase.\necho \"SUCCESS\" > \"${SCRIPT_OUTPUT_FILE_0}\"\n";
			showEnvVarsInLog = 0;
		};
/* End PBXShellScriptBuildPhase section */

/* Begin PBXSourcesBuildPhase section */
		2A7DB8732316669000E7DCCC /* Sources */ = {
			isa = PBXSourcesBuildPhase;
			buildActionMask = 2147483647;
			files = (
				2A7DB8A92316DFE600E7DCCC /* ApiClass.swift in Sources */,
				2A7DB895231680C100E7DCCC /* RestaurantCell.swift in Sources */,
				2A7DB8992316980A00E7DCCC /* FilterCell.swift in Sources */,
				2A7DB8A62316DEA900E7DCCC /* RestaurantListModel.swift in Sources */,
				2A7DB8922316801B00E7DCCC /* RestaurantListingViewController.swift in Sources */,
				2AA2209E23179F5300E8AFC3 /* File.swift in Sources */,
				2A7DB89E23169CE500E7DCCC /* Extensions.swift in Sources */,
				2A7DB89C23169C0800E7DCCC /* CustomView.swift in Sources */,
				2A7DB87B2316669000E7DCCC /* AppDelegate.swift in Sources */,
				2A7DB8AF23170A3200E7DCCC /* SharedClass.swift in Sources */,
				2A7DB8A22316AD2500E7DCCC /* FilterListingCell.swift in Sources */,
				2A7DB8A02316AB1100E7DCCC /* FilterListingViewController.swift in Sources */,
				2A7DB8902316696400E7DCCC /* Constants.swift in Sources */,
				2A7DB8AD2316FF1B00E7DCCC /* CuisineNeighbourhoodListModel.swift in Sources */,
				2A7DB8972316842800E7DCCC /* FiltersViewController.swift in Sources */,
			);
			runOnlyForDeploymentPostprocessing = 0;
		};
/* End PBXSourcesBuildPhase section */

/* Begin PBXVariantGroup section */
		2A7DB87E2316669000E7DCCC /* Main.storyboard */ = {
			isa = PBXVariantGroup;
			children = (
				2A7DB87F2316669000E7DCCC /* Base */,
			);
			name = Main.storyboard;
			sourceTree = "<group>";
		};
		2A7DB8832316669100E7DCCC /* LaunchScreen.storyboard */ = {
			isa = PBXVariantGroup;
			children = (
				2A7DB8842316669100E7DCCC /* Base */,
			);
			name = LaunchScreen.storyboard;
			sourceTree = "<group>";
		};
/* End PBXVariantGroup section */

/* Begin XCBuildConfiguration section */
		2A7DB8872316669100E7DCCC /* Debug */ = {
			isa = XCBuildConfiguration;
			buildSettings = {
				ALWAYS_SEARCH_USER_PATHS = NO;
				CLANG_ANALYZER_NONNULL = YES;
				CLANG_ANALYZER_NUMBER_OBJECT_CONVERSION = YES_AGGRESSIVE;
				CLANG_CXX_LANGUAGE_STANDARD = "gnu++14";
				CLANG_CXX_LIBRARY = "libc++";
				CLANG_ENABLE_MODULES = YES;
				CLANG_ENABLE_OBJC_ARC = YES;
				CLANG_ENABLE_OBJC_WEAK = YES;
				CLANG_WARN_BLOCK_CAPTURE_AUTORELEASING = YES;
				CLANG_WARN_BOOL_CONVERSION = YES;
				CLANG_WARN_COMMA = YES;
				CLANG_WARN_CONSTANT_CONVERSION = YES;
				CLANG_WARN_DEPRECATED_OBJC_IMPLEMENTATIONS = YES;
				CLANG_WARN_DIRECT_OBJC_ISA_USAGE = YES_ERROR;
				CLANG_WARN_DOCUMENTATION_COMMENTS = YES;
				CLANG_WARN_EMPTY_BODY = YES;
				CLANG_WARN_ENUM_CONVERSION = YES;
				CLANG_WARN_INFINITE_RECURSION = YES;
				CLANG_WARN_INT_CONVERSION = YES;
				CLANG_WARN_NON_LITERAL_NULL_CONVERSION = YES;
				CLANG_WARN_OBJC_IMPLICIT_RETAIN_SELF = YES;
				CLANG_WARN_OBJC_LITERAL_CONVERSION = YES;
				CLANG_WARN_OBJC_ROOT_CLASS = YES_ERROR;
				CLANG_WARN_RANGE_LOOP_ANALYSIS = YES;
				CLANG_WARN_STRICT_PROTOTYPES = YES;
				CLANG_WARN_SUSPICIOUS_MOVE = YES;
				CLANG_WARN_UNGUARDED_AVAILABILITY = YES_AGGRESSIVE;
				CLANG_WARN_UNREACHABLE_CODE = YES;
				CLANG_WARN__DUPLICATE_METHOD_MATCH = YES;
				CODE_SIGN_IDENTITY = "iPhone Developer";
				COPY_PHASE_STRIP = NO;
				DEBUG_INFORMATION_FORMAT = dwarf;
				ENABLE_STRICT_OBJC_MSGSEND = YES;
				ENABLE_TESTABILITY = YES;
				GCC_C_LANGUAGE_STANDARD = gnu11;
				GCC_DYNAMIC_NO_PIC = NO;
				GCC_NO_COMMON_BLOCKS = YES;
				GCC_OPTIMIZATION_LEVEL = 0;
				GCC_PREPROCESSOR_DEFINITIONS = (
					"DEBUG=1",
					"$(inherited)",
				);
				GCC_WARN_64_TO_32_BIT_CONVERSION = YES;
				GCC_WARN_ABOUT_RETURN_TYPE = YES_ERROR;
				GCC_WARN_UNDECLARED_SELECTOR = YES;
				GCC_WARN_UNINITIALIZED_AUTOS = YES_AGGRESSIVE;
				GCC_WARN_UNUSED_FUNCTION = YES;
				GCC_WARN_UNUSED_VARIABLE = YES;
				IPHONEOS_DEPLOYMENT_TARGET = 12.4;
				MTL_ENABLE_DEBUG_INFO = INCLUDE_SOURCE;
				MTL_FAST_MATH = YES;
				ONLY_ACTIVE_ARCH = YES;
				SDKROOT = iphoneos;
				SWIFT_ACTIVE_COMPILATION_CONDITIONS = DEBUG;
				SWIFT_OPTIMIZATION_LEVEL = "-Onone";
			};
			name = Debug;
		};
		2A7DB8882316669100E7DCCC /* Release */ = {
			isa = XCBuildConfiguration;
			buildSettings = {
				ALWAYS_SEARCH_USER_PATHS = NO;
				CLANG_ANALYZER_NONNULL = YES;
				CLANG_ANALYZER_NUMBER_OBJECT_CONVERSION = YES_AGGRESSIVE;
				CLANG_CXX_LANGUAGE_STANDARD = "gnu++14";
				CLANG_CXX_LIBRARY = "libc++";
				CLANG_ENABLE_MODULES = YES;
				CLANG_ENABLE_OBJC_ARC = YES;
				CLANG_ENABLE_OBJC_WEAK = YES;
				CLANG_WARN_BLOCK_CAPTURE_AUTORELEASING = YES;
				CLANG_WARN_BOOL_CONVERSION = YES;
				CLANG_WARN_COMMA = YES;
				CLANG_WARN_CONSTANT_CONVERSION = YES;
				CLANG_WARN_DEPRECATED_OBJC_IMPLEMENTATIONS = YES;
				CLANG_WARN_DIRECT_OBJC_ISA_USAGE = YES_ERROR;
				CLANG_WARN_DOCUMENTATION_COMMENTS = YES;
				CLANG_WARN_EMPTY_BODY = YES;
				CLANG_WARN_ENUM_CONVERSION = YES;
				CLANG_WARN_INFINITE_RECURSION = YES;
				CLANG_WARN_INT_CONVERSION = YES;
				CLANG_WARN_NON_LITERAL_NULL_CONVERSION = YES;
				CLANG_WARN_OBJC_IMPLICIT_RETAIN_SELF = YES;
				CLANG_WARN_OBJC_LITERAL_CONVERSION = YES;
				CLANG_WARN_OBJC_ROOT_CLASS = YES_ERROR;
				CLANG_WARN_RANGE_LOOP_ANALYSIS = YES;
				CLANG_WARN_STRICT_PROTOTYPES = YES;
				CLANG_WARN_SUSPICIOUS_MOVE = YES;
				CLANG_WARN_UNGUARDED_AVAILABILITY = YES_AGGRESSIVE;
				CLANG_WARN_UNREACHABLE_CODE = YES;
				CLANG_WARN__DUPLICATE_METHOD_MATCH = YES;
				CODE_SIGN_IDENTITY = "iPhone Developer";
				COPY_PHASE_STRIP = NO;
				DEBUG_INFORMATION_FORMAT = "dwarf-with-dsym";
				ENABLE_NS_ASSERTIONS = NO;
				ENABLE_STRICT_OBJC_MSGSEND = YES;
				GCC_C_LANGUAGE_STANDARD = gnu11;
				GCC_NO_COMMON_BLOCKS = YES;
				GCC_WARN_64_TO_32_BIT_CONVERSION = YES;
				GCC_WARN_ABOUT_RETURN_TYPE = YES_ERROR;
				GCC_WARN_UNDECLARED_SELECTOR = YES;
				GCC_WARN_UNINITIALIZED_AUTOS = YES_AGGRESSIVE;
				GCC_WARN_UNUSED_FUNCTION = YES;
				GCC_WARN_UNUSED_VARIABLE = YES;
				IPHONEOS_DEPLOYMENT_TARGET = 12.4;
				MTL_ENABLE_DEBUG_INFO = NO;
				MTL_FAST_MATH = YES;
				SDKROOT = iphoneos;
				SWIFT_COMPILATION_MODE = wholemodule;
				SWIFT_OPTIMIZATION_LEVEL = "-O";
				VALIDATE_PRODUCT = YES;
			};
			name = Release;
		};
		2A7DB88A2316669100E7DCCC /* Debug */ = {
			isa = XCBuildConfiguration;
			baseConfigurationReference = F5A8D0D4B428FAAB75372F51 /* Pods-Liji_EatAppTest.debug.xcconfig */;
			buildSettings = {
				ASSETCATALOG_COMPILER_APPICON_NAME = AppIcon;
				CODE_SIGN_STYLE = Automatic;
				INFOPLIST_FILE = Liji_EatAppTest/Info.plist;
				LD_RUNPATH_SEARCH_PATHS = (
					"$(inherited)",
					"@executable_path/Frameworks",
				);
				PRODUCT_BUNDLE_IDENTIFIER = "LijiTech.Liji-EatAppTest";
				PRODUCT_NAME = "$(TARGET_NAME)";
				SWIFT_VERSION = 5.0;
				TARGETED_DEVICE_FAMILY = "1,2";
			};
			name = Debug;
		};
		2A7DB88B2316669100E7DCCC /* Release */ = {
			isa = XCBuildConfiguration;
			baseConfigurationReference = EEC420CA5AF97D86EC5CA707 /* Pods-Liji_EatAppTest.release.xcconfig */;
			buildSettings = {
				ASSETCATALOG_COMPILER_APPICON_NAME = AppIcon;
				CODE_SIGN_STYLE = Automatic;
				INFOPLIST_FILE = Liji_EatAppTest/Info.plist;
				LD_RUNPATH_SEARCH_PATHS = (
					"$(inherited)",
					"@executable_path/Frameworks",
				);
				PRODUCT_BUNDLE_IDENTIFIER = "LijiTech.Liji-EatAppTest";
				PRODUCT_NAME = "$(TARGET_NAME)";
				SWIFT_VERSION = 5.0;
				TARGETED_DEVICE_FAMILY = "1,2";
			};
			name = Release;
		};
/* End XCBuildConfiguration section */

/* Begin XCConfigurationList section */
		2A7DB8722316669000E7DCCC /* Build configuration list for PBXProject "Liji_EatAppTest" */ = {
			isa = XCConfigurationList;
			buildConfigurations = (
				2A7DB8872316669100E7DCCC /* Debug */,
				2A7DB8882316669100E7DCCC /* Release */,
			);
			defaultConfigurationIsVisible = 0;
			defaultConfigurationName = Release;
		};
		2A7DB8892316669100E7DCCC /* Build configuration list for PBXNativeTarget "Liji_EatAppTest" */ = {
			isa = XCConfigurationList;
			buildConfigurations = (
				2A7DB88A2316669100E7DCCC /* Debug */,
				2A7DB88B2316669100E7DCCC /* Release */,
			);
			defaultConfigurationIsVisible = 0;
			defaultConfigurationName = Release;
		};
/* End XCConfigurationList section */
	};
	rootObject = 2A7DB86F2316669000E7DCCC /* Project object */;
}
